
Microsoft Visual Studio Solution File, Format Version 12.00
# Visual Studio 14
VisualStudioVersion = 14.0.25420.1
MinimumVisualStudioVersion = 10.0.40219.1
Project("{8BC9CEB8-8B4A-11D0-8D11-00A0C91BC942}") = "FrameWork3_D3D10", "Framework3\FrameWork3_D3D10\FrameWork3_D3D10.vcxproj", "{224EB325-62BC-429F-BCBD-64533087859B}"
EndProject
Project("{8BC9CEB8-8B4A-11D0-8D11-00A0C91BC942}") = "FrameWork3_D3D11", "Framework3\FrameWork3_D3D11\FrameWork3_D3D11.vcxproj", "{32F05FA0-1707-4B88-8483-8D1B75BB6AE5}"
EndProject
Project("{8BC9CEB8-8B4A-11D0-8D11-00A0C91BC942}") = "DeferredShading2", "Samples\DeferredShading2\DeferredShading2.vcxproj", "{7E51D1A8-9228-4D96-9AB6-2C821A653542}"
	ProjectSection(ProjectDependencies) = postProject
		{224EB325-62BC-429F-BCBD-64533087859B} = {224EB325-62BC-429F-BCBD-64533087859B}
	EndProjectSection
EndProject
Project("{8BC9CEB8-8B4A-11D0-8D11-00A0C91BC942}") = "ClusteredShading", "Samples\ClusteredShading\ClusteredShading.vcxproj", "{1AA0AA22-C405-4766-8700-0D74F649AC83}"
	ProjectSection(ProjectDependencies) = postProject
		{32F05FA0-1707-4B88-8483-8D1B75BB6AE5} = {32F05FA0-1707-4B88-8483-8D1B75BB6AE5}
	EndProjectSection
EndProject
Project("{8BC9CEB8-8B4A-11D0-8D11-00A0C91BC942}") = "MyExample_001_Empty", "Samples\MyExample_001_Empty\MyExample_001_Empty.vcxproj", "{6829AB14-2678-4380-9698-9599F3FA0514}"
	ProjectSection(ProjectDependencies) = postProject
		{32F05FA0-1707-4B88-8483-8D1B75BB6AE5} = {32F05FA0-1707-4B88-8483-8D1B75BB6AE5}
	EndProjectSection
EndProject
Project("{2150E333-8FDC-42A3-9474-1A3956D46DE8}") = "MyExamples", "MyExamples", "{BBCFA2EB-C1A8-4C71-BA4E-A3752CDD2D3E}"
EndProject
Project("{8BC9CEB8-8B4A-11D0-8D11-00A0C91BC942}") = "DeferredShading", "Samples\DeferredShading\DeferredShading.vcxproj", "{892356D4-8949-440F-93C4-6DDAB80B93A2}"
EndProject
Project("{8BC9CEB8-8B4A-11D0-8D11-00A0C91BC942}") = "OrderIndependentTranslucency", "Samples\OrderIndependentTranslucency\OrderIndependentTranslucency.vcxproj", "{BB4D4D8D-907A-40F9-B0A7-23FBCC53846E}"
	ProjectSection(ProjectDependencies) = postProject
		{224EB325-62BC-429F-BCBD-64533087859B} = {224EB325-62BC-429F-BCBD-64533087859B}
	EndProjectSection
EndProject
Project("{8BC9CEB8-8B4A-11D0-8D11-00A0C91BC942}") = "MyExample_002_ExampleSet", "Samples\MyExample_002_ExampleSet\MyExample_002_ExampleSet.vcxproj", "{29D2D721-C3F4-45E3-864C-69458201B2AF}"
	ProjectSection(ProjectDependencies) = postProject
		{32F05FA0-1707-4B88-8483-8D1B75BB6AE5} = {32F05FA0-1707-4B88-8483-8D1B75BB6AE5}
	EndProjectSection
EndProject
Project("{8BC9CEB8-8B4A-11D0-8D11-00A0C91BC942}") = "DeepDeferredShading", "Samples\DeepDeferredShading\DeepDeferredShading.vcxproj", "{EE524B9E-48E1-4EC5-B173-F955CD1D596C}"
	ProjectSection(ProjectDependencies) = postProject
		{224EB325-62BC-429F-BCBD-64533087859B} = {224EB325-62BC-429F-BCBD-64533087859B}
	EndProjectSection
EndProject
Project("{8BC9CEB8-8B4A-11D0-8D11-00A0C91BC942}") = "MyExample_003_ShadowMap(Spot_ColorB)", "Samples\MyExample_003_ShadowMap_Spot_ColorB\MyExample_003_ShadowMap(Spot_ColorB).vcxproj", "{612F8459-4F45-44B1-BEEF-9B0930F9F39E}"
EndProject
Project("{8BC9CEB8-8B4A-11D0-8D11-00A0C91BC942}") = "MyExample_004_ShadowMap(Point_DepthB)", "Samples\MyExample_004_ShadowMap_Point_DepthB\MyExample_004_ShadowMap(Point_DepthB).vcxproj", "{194EACA2-BE23-45E8-BC9E-FBF859D9AB23}"
	ProjectSection(ProjectDependencies) = postProject
		{32F05FA0-1707-4B88-8483-8D1B75BB6AE5} = {32F05FA0-1707-4B88-8483-8D1B75BB6AE5}
	EndProjectSection
EndProject
Project("{8BC9CEB8-8B4A-11D0-8D11-00A0C91BC942}") = "MyExample_005_OIT", "Samples\MyExample_005_OIT\MyExample_005_OIT.vcxproj", "{B146AEE4-41CA-43A9-9DD9-FF6D9566129D}"
EndProject
Project("{8BC9CEB8-8B4A-11D0-8D11-00A0C91BC942}") = "ModernLightMapping", "Samples\ModernLightMapping\ModernLightMapping.vcxproj", "{F0DDE805-7F50-4E47-A4FD-3430EC85430A}"
	ProjectSection(ProjectDependencies) = postProject
		{32F05FA0-1707-4B88-8483-8D1B75BB6AE5} = {32F05FA0-1707-4B88-8483-8D1B75BB6AE5}
	EndProjectSection
EndProject
Project("{8BC9CEB8-8B4A-11D0-8D11-00A0C91BC942}") = "MyExample_006_LightMap", "Samples\MyExample_006_LightMap\MyExample_006_LightMap.vcxproj", "{620AE3E6-C3ED-4DB5-A983-17E44FC77AD5}"
	ProjectSection(ProjectDependencies) = postProject
		{32F05FA0-1707-4B88-8483-8D1B75BB6AE5} = {32F05FA0-1707-4B88-8483-8D1B75BB6AE5}
	EndProjectSection
EndProject
Project("{2150E333-8FDC-42A3-9474-1A3956D46DE8}") = "Humus", "Humus", "{BAD89682-69B7-48F9-9424-9EC8D6900063}"
EndProject
Project("{8BC9CEB8-8B4A-11D0-8D11-00A0C91BC942}") = "MyExample_007_DefferedLighting", "Samples\MyExample_007_DeferredLighting\MyExample_007_DeferredLighting.vcxproj", "{154F8927-8BFB-4134-A72C-5D0CED906781}"
	ProjectSection(ProjectDependencies) = postProject
		{32F05FA0-1707-4B88-8483-8D1B75BB6AE5} = {32F05FA0-1707-4B88-8483-8D1B75BB6AE5}
	EndProjectSection
EndProject
Project("{8BC9CEB8-8B4A-11D0-8D11-00A0C91BC942}") = "PhoneWireAA", "Samples\PhoneWireAA\PhoneWireAA.vcxproj", "{6F5E7A6E-05BB-416C-B72B-408E2BC30504}"
	ProjectSection(ProjectDependencies) = postProject
		{224EB325-62BC-429F-BCBD-64533087859B} = {224EB325-62BC-429F-BCBD-64533087859B}
	EndProjectSection
EndProject
Project("{8BC9CEB8-8B4A-11D0-8D11-00A0C91BC942}") = "HDR", "Samples\HDR(OGL_2_DX11)\HDR.vcxproj", "{EA7FDAC2-51F8-4791-95C8-2C8DFCCE4C9A}"
EndProject
Project("{8BC9CEB8-8B4A-11D0-8D11-00A0C91BC942}") = "MyExample_008_Alpha2Coverage", "Samples\MyExample_008_Alpha2Coverage\MyExample_008_Alpha2Coverage.vcxproj", "{94C41171-B55B-483B-9B17-18274DFB865C}"
EndProject
Project("{8BC9CEB8-8B4A-11D0-8D11-00A0C91BC942}") = "MyExample_009_Bloom", "Samples\MyExample_009_Bloom\MyExample_009_Bloom.vcxproj", "{1D6A15B8-3B70-4689-98A2-EFF83DB124D3}"
	ProjectSection(ProjectDependencies) = postProject
		{32F05FA0-1707-4B88-8483-8D1B75BB6AE5} = {32F05FA0-1707-4B88-8483-8D1B75BB6AE5}
	EndProjectSection
EndProject
Project("{2150E333-8FDC-42A3-9474-1A3956D46DE8}") = "PostEffect", "PostEffect", "{841AB392-39F0-44AC-8F09-3DDE0B18423C}"
EndProject
Project("{8BC9CEB8-8B4A-11D0-8D11-00A0C91BC942}") = "Cloth", "Samples\Cloth(OGL_2_DX11)\Cloth.vcxproj", "{5A076917-E74B-43BF-AA7F-A25E7AF8599E}"
	ProjectSection(ProjectDependencies) = postProject
		{32F05FA0-1707-4B88-8483-8D1B75BB6AE5} = {32F05FA0-1707-4B88-8483-8D1B75BB6AE5}
	EndProjectSection
EndProject
Project("{8BC9CEB8-8B4A-11D0-8D11-00A0C91BC942}") = "MyExample_010_VolumeLighting", "Samples\MyExample_010_VolumeLightting\MyExample_010_VolumeLighting.vcxproj", "{F69231BB-F978-416E-A83A-09282769947D}"
EndProject
Project("{2150E333-8FDC-42A3-9474-1A3956D46DE8}") = "ShaderToy", "ShaderToy", "{06309D6B-1D7C-472D-8DA7-EFAE544D352C}"
EndProject
Project("{8BC9CEB8-8B4A-11D0-8D11-00A0C91BC942}") = "ShaderToy_Volumetric_Rendering", "Samples\ShaderToy_Volumetric_Rendering\ShaderToy_Volumetric_Rendering.vcxproj", "{AF58EDE8-B460-4F31-9214-4A1F74175FB4}"
EndProject
Project("{8BC9CEB8-8B4A-11D0-8D11-00A0C91BC942}") = "ShaderToy_Empty", "Samples\ShaderToy_Empty\ShaderToy_Empty.vcxproj", "{BB94CB20-DCA8-486C-95A6-AC1C976A9EBF}"
EndProject
Global
	GlobalSection(SolutionConfigurationPlatforms) = preSolution
		Debug|x64 = Debug|x64
		Debug|x86 = Debug|x86
		Release|x64 = Release|x64
		Release|x86 = Release|x86
	EndGlobalSection
	GlobalSection(ProjectConfigurationPlatforms) = postSolution
		{224EB325-62BC-429F-BCBD-64533087859B}.Debug|x64.ActiveCfg = Debug|x64
		{224EB325-62BC-429F-BCBD-64533087859B}.Debug|x64.Build.0 = Debug|x64
		{224EB325-62BC-429F-BCBD-64533087859B}.Debug|x86.ActiveCfg = Debug|Win32
		{224EB325-62BC-429F-BCBD-64533087859B}.Debug|x86.Build.0 = Debug|Win32
		{224EB325-62BC-429F-BCBD-64533087859B}.Release|x64.ActiveCfg = Release|x64
		{224EB325-62BC-429F-BCBD-64533087859B}.Release|x64.Build.0 = Release|x64
		{224EB325-62BC-429F-BCBD-64533087859B}.Release|x86.ActiveCfg = Release|Win32
		{224EB325-62BC-429F-BCBD-64533087859B}.Release|x86.Build.0 = Release|Win32
		{32F05FA0-1707-4B88-8483-8D1B75BB6AE5}.Debug|x64.ActiveCfg = Debug|x64
		{32F05FA0-1707-4B88-8483-8D1B75BB6AE5}.Debug|x64.Build.0 = Debug|x64
		{32F05FA0-1707-4B88-8483-8D1B75BB6AE5}.Debug|x86.ActiveCfg = Debug|Win32
		{32F05FA0-1707-4B88-8483-8D1B75BB6AE5}.Debug|x86.Build.0 = Debug|Win32
		{32F05FA0-1707-4B88-8483-8D1B75BB6AE5}.Release|x64.ActiveCfg = Release|x64
		{32F05FA0-1707-4B88-8483-8D1B75BB6AE5}.Release|x64.Build.0 = Release|x64
		{32F05FA0-1707-4B88-8483-8D1B75BB6AE5}.Release|x86.ActiveCfg = Release|Win32
		{32F05FA0-1707-4B88-8483-8D1B75BB6AE5}.Release|x86.Build.0 = Release|Win32
		{7E51D1A8-9228-4D96-9AB6-2C821A653542}.Debug|x64.ActiveCfg = Debug|Win32
		{7E51D1A8-9228-4D96-9AB6-2C821A653542}.Debug|x86.ActiveCfg = Debug|Win32
		{7E51D1A8-9228-4D96-9AB6-2C821A653542}.Debug|x86.Build.0 = Debug|Win32
		{7E51D1A8-9228-4D96-9AB6-2C821A653542}.Release|x64.ActiveCfg = Release|Win32
		{7E51D1A8-9228-4D96-9AB6-2C821A653542}.Release|x86.ActiveCfg = Release|Win32
		{7E51D1A8-9228-4D96-9AB6-2C821A653542}.Release|x86.Build.0 = Release|Win32
		{1AA0AA22-C405-4766-8700-0D74F649AC83}.Debug|x64.ActiveCfg = Debug|x64
		{1AA0AA22-C405-4766-8700-0D74F649AC83}.Debug|x64.Build.0 = Debug|x64
		{1AA0AA22-C405-4766-8700-0D74F649AC83}.Debug|x86.ActiveCfg = Debug|Win32
		{1AA0AA22-C405-4766-8700-0D74F649AC83}.Debug|x86.Build.0 = Debug|Win32
		{1AA0AA22-C405-4766-8700-0D74F649AC83}.Release|x64.ActiveCfg = Release|x64
		{1AA0AA22-C405-4766-8700-0D74F649AC83}.Release|x64.Build.0 = Release|x64
		{1AA0AA22-C405-4766-8700-0D74F649AC83}.Release|x86.ActiveCfg = Release|Win32
		{1AA0AA22-C405-4766-8700-0D74F649AC83}.Release|x86.Build.0 = Release|Win32
		{6829AB14-2678-4380-9698-9599F3FA0514}.Debug|x64.ActiveCfg = Debug|x64
		{6829AB14-2678-4380-9698-9599F3FA0514}.Debug|x64.Build.0 = Debug|x64
		{6829AB14-2678-4380-9698-9599F3FA0514}.Debug|x86.ActiveCfg = Debug|Win32
		{6829AB14-2678-4380-9698-9599F3FA0514}.Debug|x86.Build.0 = Debug|Win32
		{6829AB14-2678-4380-9698-9599F3FA0514}.Release|x64.ActiveCfg = Release|x64
		{6829AB14-2678-4380-9698-9599F3FA0514}.Release|x64.Build.0 = Release|x64
		{6829AB14-2678-4380-9698-9599F3FA0514}.Release|x86.ActiveCfg = Release|Win32
		{6829AB14-2678-4380-9698-9599F3FA0514}.Release|x86.Build.0 = Release|Win32
		{892356D4-8949-440F-93C4-6DDAB80B93A2}.Debug|x64.ActiveCfg = Debug|Win32
		{892356D4-8949-440F-93C4-6DDAB80B93A2}.Debug|x86.ActiveCfg = Debug|Win32
		{892356D4-8949-440F-93C4-6DDAB80B93A2}.Debug|x86.Build.0 = Debug|Win32
		{892356D4-8949-440F-93C4-6DDAB80B93A2}.Release|x64.ActiveCfg = Release|Win32
		{892356D4-8949-440F-93C4-6DDAB80B93A2}.Release|x86.ActiveCfg = Release|Win32
		{892356D4-8949-440F-93C4-6DDAB80B93A2}.Release|x86.Build.0 = Release|Win32
		{BB4D4D8D-907A-40F9-B0A7-23FBCC53846E}.Debug|x64.ActiveCfg = Debug|Win32
		{BB4D4D8D-907A-40F9-B0A7-23FBCC53846E}.Debug|x86.ActiveCfg = Debug|Win32
		{BB4D4D8D-907A-40F9-B0A7-23FBCC53846E}.Debug|x86.Build.0 = Debug|Win32
		{BB4D4D8D-907A-40F9-B0A7-23FBCC53846E}.Release|x64.ActiveCfg = Release|Win32
		{BB4D4D8D-907A-40F9-B0A7-23FBCC53846E}.Release|x86.ActiveCfg = Release|Win32
		{BB4D4D8D-907A-40F9-B0A7-23FBCC53846E}.Release|x86.Build.0 = Release|Win32
		{29D2D721-C3F4-45E3-864C-69458201B2AF}.Debug|x64.ActiveCfg = Debug|x64
		{29D2D721-C3F4-45E3-864C-69458201B2AF}.Debug|x64.Build.0 = Debug|x64
		{29D2D721-C3F4-45E3-864C-69458201B2AF}.Debug|x86.ActiveCfg = Debug|Win32
		{29D2D721-C3F4-45E3-864C-69458201B2AF}.Debug|x86.Build.0 = Debug|Win32
		{29D2D721-C3F4-45E3-864C-69458201B2AF}.Release|x64.ActiveCfg = Release|x64
		{29D2D721-C3F4-45E3-864C-69458201B2AF}.Release|x64.Build.0 = Release|x64
		{29D2D721-C3F4-45E3-864C-69458201B2AF}.Release|x86.ActiveCfg = Release|Win32
		{29D2D721-C3F4-45E3-864C-69458201B2AF}.Release|x86.Build.0 = Release|Win32
		{EE524B9E-48E1-4EC5-B173-F955CD1D596C}.Debug|x64.ActiveCfg = Debug|Win32
		{EE524B9E-48E1-4EC5-B173-F955CD1D596C}.Debug|x86.ActiveCfg = Debug|Win32
		{EE524B9E-48E1-4EC5-B173-F955CD1D596C}.Debug|x86.Build.0 = Debug|Win32
		{EE524B9E-48E1-4EC5-B173-F955CD1D596C}.Release|x64.ActiveCfg = Release|Win32
		{EE524B9E-48E1-4EC5-B173-F955CD1D596C}.Release|x86.ActiveCfg = Release|Win32
		{EE524B9E-48E1-4EC5-B173-F955CD1D596C}.Release|x86.Build.0 = Release|Win32
		{612F8459-4F45-44B1-BEEF-9B0930F9F39E}.Debug|x64.ActiveCfg = Debug|x64
		{612F8459-4F45-44B1-BEEF-9B0930F9F39E}.Debug|x64.Build.0 = Debug|x64
		{612F8459-4F45-44B1-BEEF-9B0930F9F39E}.Debug|x86.ActiveCfg = Debug|Win32
		{612F8459-4F45-44B1-BEEF-9B0930F9F39E}.Debug|x86.Build.0 = Debug|Win32
		{612F8459-4F45-44B1-BEEF-9B0930F9F39E}.Release|x64.ActiveCfg = Release|x64
		{612F8459-4F45-44B1-BEEF-9B0930F9F39E}.Release|x64.Build.0 = Release|x64
		{612F8459-4F45-44B1-BEEF-9B0930F9F39E}.Release|x86.ActiveCfg = Release|Win32
		{612F8459-4F45-44B1-BEEF-9B0930F9F39E}.Release|x86.Build.0 = Release|Win32
		{194EACA2-BE23-45E8-BC9E-FBF859D9AB23}.Debug|x64.ActiveCfg = Debug|x64
		{194EACA2-BE23-45E8-BC9E-FBF859D9AB23}.Debug|x64.Build.0 = Debug|x64
		{194EACA2-BE23-45E8-BC9E-FBF859D9AB23}.Debug|x86.ActiveCfg = Debug|Win32
		{194EACA2-BE23-45E8-BC9E-FBF859D9AB23}.Debug|x86.Build.0 = Debug|Win32
		{194EACA2-BE23-45E8-BC9E-FBF859D9AB23}.Release|x64.ActiveCfg = Release|x64
		{194EACA2-BE23-45E8-BC9E-FBF859D9AB23}.Release|x64.Build.0 = Release|x64
		{194EACA2-BE23-45E8-BC9E-FBF859D9AB23}.Release|x86.ActiveCfg = Release|Win32
		{194EACA2-BE23-45E8-BC9E-FBF859D9AB23}.Release|x86.Build.0 = Release|Win32
		{B146AEE4-41CA-43A9-9DD9-FF6D9566129D}.Debug|x64.ActiveCfg = Debug|x64
		{B146AEE4-41CA-43A9-9DD9-FF6D9566129D}.Debug|x64.Build.0 = Debug|x64
		{B146AEE4-41CA-43A9-9DD9-FF6D9566129D}.Debug|x86.ActiveCfg = Debug|Win32
		{B146AEE4-41CA-43A9-9DD9-FF6D9566129D}.Debug|x86.Build.0 = Debug|Win32
		{B146AEE4-41CA-43A9-9DD9-FF6D9566129D}.Release|x64.ActiveCfg = Release|x64
		{B146AEE4-41CA-43A9-9DD9-FF6D9566129D}.Release|x64.Build.0 = Release|x64
		{B146AEE4-41CA-43A9-9DD9-FF6D9566129D}.Release|x86.ActiveCfg = Release|Win32
		{B146AEE4-41CA-43A9-9DD9-FF6D9566129D}.Release|x86.Build.0 = Release|Win32
		{F0DDE805-7F50-4E47-A4FD-3430EC85430A}.Debug|x64.ActiveCfg = Debug|x64
		{F0DDE805-7F50-4E47-A4FD-3430EC85430A}.Debug|x64.Build.0 = Debug|x64
		{F0DDE805-7F50-4E47-A4FD-3430EC85430A}.Debug|x86.ActiveCfg = Debug|Win32
		{F0DDE805-7F50-4E47-A4FD-3430EC85430A}.Debug|x86.Build.0 = Debug|Win32
		{F0DDE805-7F50-4E47-A4FD-3430EC85430A}.Release|x64.ActiveCfg = Release|x64
		{F0DDE805-7F50-4E47-A4FD-3430EC85430A}.Release|x64.Build.0 = Release|x64
		{F0DDE805-7F50-4E47-A4FD-3430EC85430A}.Release|x86.ActiveCfg = Release|Win32
		{F0DDE805-7F50-4E47-A4FD-3430EC85430A}.Release|x86.Build.0 = Release|Win32
		{620AE3E6-C3ED-4DB5-A983-17E44FC77AD5}.Debug|x64.ActiveCfg = Debug|x64
		{620AE3E6-C3ED-4DB5-A983-17E44FC77AD5}.Debug|x64.Build.0 = Debug|x64
		{620AE3E6-C3ED-4DB5-A983-17E44FC77AD5}.Debug|x86.ActiveCfg = Debug|Win32
		{620AE3E6-C3ED-4DB5-A983-17E44FC77AD5}.Debug|x86.Build.0 = Debug|Win32
		{620AE3E6-C3ED-4DB5-A983-17E44FC77AD5}.Release|x64.ActiveCfg = Release|x64
		{620AE3E6-C3ED-4DB5-A983-17E44FC77AD5}.Release|x64.Build.0 = Release|x64
		{620AE3E6-C3ED-4DB5-A983-17E44FC77AD5}.Release|x86.ActiveCfg = Release|Win32
		{620AE3E6-C3ED-4DB5-A983-17E44FC77AD5}.Release|x86.Build.0 = Release|Win32
		{154F8927-8BFB-4134-A72C-5D0CED906781}.Debug|x64.ActiveCfg = Debug|x64
		{154F8927-8BFB-4134-A72C-5D0CED906781}.Debug|x64.Build.0 = Debug|x64
		{154F8927-8BFB-4134-A72C-5D0CED906781}.Debug|x86.ActiveCfg = Debug|Win32
		{154F8927-8BFB-4134-A72C-5D0CED906781}.Debug|x86.Build.0 = Debug|Win32
		{154F8927-8BFB-4134-A72C-5D0CED906781}.Release|x64.ActiveCfg = Release|x64
		{154F8927-8BFB-4134-A72C-5D0CED906781}.Release|x64.Build.0 = Release|x64
		{154F8927-8BFB-4134-A72C-5D0CED906781}.Release|x86.ActiveCfg = Release|Win32
		{154F8927-8BFB-4134-A72C-5D0CED906781}.Release|x86.Build.0 = Release|Win32
		{6F5E7A6E-05BB-416C-B72B-408E2BC30504}.Debug|x64.ActiveCfg = Debug|Win32
		{6F5E7A6E-05BB-416C-B72B-408E2BC30504}.Debug|x86.ActiveCfg = Debug|Win32
		{6F5E7A6E-05BB-416C-B72B-408E2BC30504}.Debug|x86.Build.0 = Debug|Win32
		{6F5E7A6E-05BB-416C-B72B-408E2BC30504}.Release|x64.ActiveCfg = Release|Win32
		{6F5E7A6E-05BB-416C-B72B-408E2BC30504}.Release|x86.ActiveCfg = Release|Win32
		{6F5E7A6E-05BB-416C-B72B-408E2BC30504}.Release|x86.Build.0 = Release|Win32
		{EA7FDAC2-51F8-4791-95C8-2C8DFCCE4C9A}.Debug|x64.ActiveCfg = Debug|x64
		{EA7FDAC2-51F8-4791-95C8-2C8DFCCE4C9A}.Debug|x64.Build.0 = Debug|x64
		{EA7FDAC2-51F8-4791-95C8-2C8DFCCE4C9A}.Debug|x86.ActiveCfg = Debug|Win32
		{EA7FDAC2-51F8-4791-95C8-2C8DFCCE4C9A}.Debug|x86.Build.0 = Debug|Win32
		{EA7FDAC2-51F8-4791-95C8-2C8DFCCE4C9A}.Release|x64.ActiveCfg = Release|x64
		{EA7FDAC2-51F8-4791-95C8-2C8DFCCE4C9A}.Release|x64.Build.0 = Release|x64
		{EA7FDAC2-51F8-4791-95C8-2C8DFCCE4C9A}.Release|x86.ActiveCfg = Release|Win32
		{EA7FDAC2-51F8-4791-95C8-2C8DFCCE4C9A}.Release|x86.Build.0 = Release|Win32
		{94C41171-B55B-483B-9B17-18274DFB865C}.Debug|x64.ActiveCfg = Debug|x64
		{94C41171-B55B-483B-9B17-18274DFB865C}.Debug|x64.Build.0 = Debug|x64
		{94C41171-B55B-483B-9B17-18274DFB865C}.Debug|x86.ActiveCfg = Debug|Win32
		{94C41171-B55B-483B-9B17-18274DFB865C}.Debug|x86.Build.0 = Debug|Win32
		{94C41171-B55B-483B-9B17-18274DFB865C}.Release|x64.ActiveCfg = Release|x64
		{94C41171-B55B-483B-9B17-18274DFB865C}.Release|x64.Build.0 = Release|x64
		{94C41171-B55B-483B-9B17-18274DFB865C}.Release|x86.ActiveCfg = Release|Win32
		{94C41171-B55B-483B-9B17-18274DFB865C}.Release|x86.Build.0 = Release|Win32
		{1D6A15B8-3B70-4689-98A2-EFF83DB124D3}.Debug|x64.ActiveCfg = Debug|x64
		{1D6A15B8-3B70-4689-98A2-EFF83DB124D3}.Debug|x64.Build.0 = Debug|x64
		{1D6A15B8-3B70-4689-98A2-EFF83DB124D3}.Debug|x86.ActiveCfg = Debug|Win32
		{1D6A15B8-3B70-4689-98A2-EFF83DB124D3}.Debug|x86.Build.0 = Debug|Win32
		{1D6A15B8-3B70-4689-98A2-EFF83DB124D3}.Release|x64.ActiveCfg = Release|x64
		{1D6A15B8-3B70-4689-98A2-EFF83DB124D3}.Release|x64.Build.0 = Release|x64
		{1D6A15B8-3B70-4689-98A2-EFF83DB124D3}.Release|x86.ActiveCfg = Release|Win32
		{1D6A15B8-3B70-4689-98A2-EFF83DB124D3}.Release|x86.Build.0 = Release|Win32
		{5A076917-E74B-43BF-AA7F-A25E7AF8599E}.Debug|x64.ActiveCfg = Debug|x64
		{5A076917-E74B-43BF-AA7F-A25E7AF8599E}.Debug|x64.Build.0 = Debug|x64
		{5A076917-E74B-43BF-AA7F-A25E7AF8599E}.Debug|x86.ActiveCfg = Debug|Win32
		{5A076917-E74B-43BF-AA7F-A25E7AF8599E}.Debug|x86.Build.0 = Debug|Win32
		{5A076917-E74B-43BF-AA7F-A25E7AF8599E}.Release|x64.ActiveCfg = Release|x64
		{5A076917-E74B-43BF-AA7F-A25E7AF8599E}.Release|x64.Build.0 = Release|x64
		{5A076917-E74B-43BF-AA7F-A25E7AF8599E}.Release|x86.ActiveCfg = Release|Win32
		{5A076917-E74B-43BF-AA7F-A25E7AF8599E}.Release|x86.Build.0 = Release|Win32
		{F69231BB-F978-416E-A83A-09282769947D}.Debug|x64.ActiveCfg = Debug|x64
		{F69231BB-F978-416E-A83A-09282769947D}.Debug|x64.Build.0 = Debug|x64
		{F69231BB-F978-416E-A83A-09282769947D}.Debug|x86.ActiveCfg = Debug|Win32
		{F69231BB-F978-416E-A83A-09282769947D}.Debug|x86.Build.0 = Debug|Win32
		{F69231BB-F978-416E-A83A-09282769947D}.Release|x64.ActiveCfg = Release|x64
		{F69231BB-F978-416E-A83A-09282769947D}.Release|x64.Build.0 = Release|x64
		{F69231BB-F978-416E-A83A-09282769947D}.Release|x86.ActiveCfg = Release|Win32
		{F69231BB-F978-416E-A83A-09282769947D}.Release|x86.Build.0 = Release|Win32
		{AF58EDE8-B460-4F31-9214-4A1F74175FB4}.Debug|x64.ActiveCfg = Debug|x64
		{AF58EDE8-B460-4F31-9214-4A1F74175FB4}.Debug|x64.Build.0 = Debug|x64
		{AF58EDE8-B460-4F31-9214-4A1F74175FB4}.Debug|x86.ActiveCfg = Debug|Win32
		{AF58EDE8-B460-4F31-9214-4A1F74175FB4}.Debug|x86.Build.0 = Debug|Win32
		{AF58EDE8-B460-4F31-9214-4A1F74175FB4}.Release|x64.ActiveCfg = Release|x64
		{AF58EDE8-B460-4F31-9214-4A1F74175FB4}.Release|x64.Build.0 = Release|x64
		{AF58EDE8-B460-4F31-9214-4A1F74175FB4}.Release|x86.ActiveCfg = Release|Win32
		{AF58EDE8-B460-4F31-9214-4A1F74175FB4}.Release|x86.Build.0 = Release|Win32
		{BB94CB20-DCA8-486C-95A6-AC1C976A9EBF}.Debug|x64.ActiveCfg = Debug|x64
		{BB94CB20-DCA8-486C-95A6-AC1C976A9EBF}.Debug|x64.Build.0 = Debug|x64
		{BB94CB20-DCA8-486C-95A6-AC1C976A9EBF}.Debug|x86.ActiveCfg = Debug|Win32
		{BB94CB20-DCA8-486C-95A6-AC1C976A9EBF}.Debug|x86.Build.0 = Debug|Win32
		{BB94CB20-DCA8-486C-95A6-AC1C976A9EBF}.Release|x64.ActiveCfg = Release|x64
		{BB94CB20-DCA8-486C-95A6-AC1C976A9EBF}.Release|x64.Build.0 = Release|x64
		{BB94CB20-DCA8-486C-95A6-AC1C976A9EBF}.Release|x86.ActiveCfg = Release|Win32
		{BB94CB20-DCA8-486C-95A6-AC1C976A9EBF}.Release|x86.Build.0 = Release|Win32
	EndGlobalSection
	GlobalSection(SolutionProperties) = preSolution
		HideSolutionNode = FALSE
	EndGlobalSection
	GlobalSection(NestedProjects) = preSolution
		{7E51D1A8-9228-4D96-9AB6-2C821A653542} = {BAD89682-69B7-48F9-9424-9EC8D6900063}
		{1AA0AA22-C405-4766-8700-0D74F649AC83} = {BAD89682-69B7-48F9-9424-9EC8D6900063}
		{6829AB14-2678-4380-9698-9599F3FA0514} = {BBCFA2EB-C1A8-4C71-BA4E-A3752CDD2D3E}
		{892356D4-8949-440F-93C4-6DDAB80B93A2} = {BAD89682-69B7-48F9-9424-9EC8D6900063}
		{BB4D4D8D-907A-40F9-B0A7-23FBCC53846E} = {BAD89682-69B7-48F9-9424-9EC8D6900063}
		{29D2D721-C3F4-45E3-864C-69458201B2AF} = {BBCFA2EB-C1A8-4C71-BA4E-A3752CDD2D3E}
		{EE524B9E-48E1-4EC5-B173-F955CD1D596C} = {BAD89682-69B7-48F9-9424-9EC8D6900063}
		{612F8459-4F45-44B1-BEEF-9B0930F9F39E} = {BBCFA2EB-C1A8-4C71-BA4E-A3752CDD2D3E}
		{194EACA2-BE23-45E8-BC9E-FBF859D9AB23} = {BBCFA2EB-C1A8-4C71-BA4E-A3752CDD2D3E}
		{B146AEE4-41CA-43A9-9DD9-FF6D9566129D} = {BBCFA2EB-C1A8-4C71-BA4E-A3752CDD2D3E}
		{F0DDE805-7F50-4E47-A4FD-3430EC85430A} = {BAD89682-69B7-48F9-9424-9EC8D6900063}
		{620AE3E6-C3ED-4DB5-A983-17E44FC77AD5} = {BBCFA2EB-C1A8-4C71-BA4E-A3752CDD2D3E}
		{154F8927-8BFB-4134-A72C-5D0CED906781} = {BBCFA2EB-C1A8-4C71-BA4E-A3752CDD2D3E}
		{6F5E7A6E-05BB-416C-B72B-408E2BC30504} = {BAD89682-69B7-48F9-9424-9EC8D6900063}
		{EA7FDAC2-51F8-4791-95C8-2C8DFCCE4C9A} = {BAD89682-69B7-48F9-9424-9EC8D6900063}
		{94C41171-B55B-483B-9B17-18274DFB865C} = {BBCFA2EB-C1A8-4C71-BA4E-A3752CDD2D3E}
		{1D6A15B8-3B70-4689-98A2-EFF83DB124D3} = {841AB392-39F0-44AC-8F09-3DDE0B18423C}
		{841AB392-39F0-44AC-8F09-3DDE0B18423C} = {BBCFA2EB-C1A8-4C71-BA4E-A3752CDD2D3E}
		{5A076917-E74B-43BF-AA7F-A25E7AF8599E} = {BAD89682-69B7-48F9-9424-9EC8D6900063}
		{F69231BB-F978-416E-A83A-09282769947D} = {BBCFA2EB-C1A8-4C71-BA4E-A3752CDD2D3E}
		{AF58EDE8-B460-4F31-9214-4A1F74175FB4} = {06309D6B-1D7C-472D-8DA7-EFAE544D352C}
		{BB94CB20-DCA8-486C-95A6-AC1C976A9EBF} = {06309D6B-1D7C-472D-8DA7-EFAE544D352C}
	EndGlobalSection
EndGlobal
